{
  "version": 4,
  "terraform_version": "1.5.7",
  "serial": 22,
  "lineage": "8b05034f-8245-11a5-5b35-c80962249477",
  "outputs": {},
  "resources": [
    {
      "mode": "managed",
      "type": "local_file",
      "name": "second",
      "provider": "provider[\"registry.terraform.io/hashicorp/local\"]",
      "instances": [
        {
          "index_key": 0,
          "schema_version": 0,
          "attributes": {
            "content": "This is a number game 1",
            "content_base64": null,
            "content_base64sha256": "EQ8qatWCG19IQEU7QXN5Bcrb5y6z0htgITfUa0zYsmc=",
            "content_base64sha512": "PdS/qg/OdDLYmIyyOgNIHQioIorUX848G5eHPGCQnUJfGaRTKZUOJ7K0F9NFSv1yHl1xKA0VggXZJf+iD3zNag==",
            "content_md5": "0565687d1b7619381e224014123da035",
            "content_sha1": "f39e86ce8c1bd07157da88119cb4ba6b4b504f4c",
            "content_sha256": "110f2a6ad5821b5f4840453b41737905cadbe72eb3d21b602137d46b4cd8b267",
            "content_sha512": "3dd4bfaa0fce7432d8988cb23a03481d08a8228ad45fce3c1b97873c60909d425f19a45329950e27b2b417d3454afd721e5d71280d158205d925ffa20f7ccd6a",
            "directory_permission": "0777",
            "file_permission": "0777",
            "filename": "/home/projectluna/terraweek/terraform-variables/num/number-game-1.txt",
            "id": "f39e86ce8c1bd07157da88119cb4ba6b4b504f4c",
            "sensitive_content": null,
            "source": null
          },
          "sensitive_attributes": []
        },
        {
          "index_key": 1,
          "schema_version": 0,
          "attributes": {
            "content": "This is a number game 2",
            "content_base64": null,
            "content_base64sha256": "cePRwZQtVwgdfJAg7k0BbGEtRj6nWejhhGLngrpT5Pw=",
            "content_base64sha512": "V4JhEbYv5cmcYPkhDtsWERXSdLWmW3auuz/FUbiPxJ1sQtDa4ibYZ2avtDqLQJv4rmLBYP5eu94v9aIFE3PFgA==",
            "content_md5": "765638fb44a547ca426d100e8a411bec",
            "content_sha1": "c81cf13624c2b52765afe796f8a0be50da161b00",
            "content_sha256": "71e3d1c1942d57081d7c9020ee4d016c612d463ea759e8e18462e782ba53e4fc",
            "content_sha512": "57826111b62fe5c99c60f9210edb161115d274b5a65b76aebb3fc551b88fc49d6c42d0dae226d86766afb43a8b409bf8ae62c160fe5ebbde2ff5a2051373c580",
            "directory_permission": "0777",
            "file_permission": "0777",
            "filename": "/home/projectluna/terraweek/terraform-variables/num/number-game-2.txt",
            "id": "c81cf13624c2b52765afe796f8a0be50da161b00",
            "sensitive_content": null,
            "source": null
          },
          "sensitive_attributes": []
        },
        {
          "index_key": 2,
          "schema_version": 0,
          "attributes": {
            "content": "This is a number game 3",
            "content_base64": null,
            "content_base64sha256": "dO34p0psJMJFF2DpNsT14XMx6jO54plNJf4LOALLGj4=",
            "content_base64sha512": "RDz6VkjKS16NQli+KP1zbS9Vkg1jbQ5Km+NuIG/mZDgDecZm1lsrGQ7NOIsTVNu+G+PthCEu+bPs6NRoDdSMmA==",
            "content_md5": "eae40ece7af56fe5a80f2844e34afac1",
            "content_sha1": "ca9b7d2b12c297fa5b73f6089b6f154036f2abd2",
            "content_sha256": "74edf8a74a6c24c2451760e936c4f5e17331ea33b9e2994d25fe0b3802cb1a3e",
            "content_sha512": "443cfa5648ca4b5e8d4258be28fd736d2f55920d636d0e4a9be36e206fe664380379c666d65b2b190ecd388b1354dbbe1be3ed84212ef9b3ece8d4680dd48c98",
            "directory_permission": "0777",
            "file_permission": "0777",
            "filename": "/home/projectluna/terraweek/terraform-variables/num/number-game-3.txt",
            "id": "ca9b7d2b12c297fa5b73f6089b6f154036f2abd2",
            "sensitive_content": null,
            "source": null
          },
          "sensitive_attributes": []
        },
        {
          "index_key": 3,
          "schema_version": 0,
          "attributes": {
            "content": "This is a number game 4",
            "content_base64": null,
            "content_base64sha256": "WAVsvqZzYfvwmZ0LC2fOFirh4G+mcgbHUThKcH8IKyQ=",
            "content_base64sha512": "5+GRtWsO/vXmG73rnG80FBcYOxitLyycVBGQteehbAwMk5qqv2G6lWpH9WBGwZPHd7a3wG8FzeVd8ieWgR+Uww==",
            "content_md5": "a58799582da8cbd18699c6853e1a5892",
            "content_sha1": "0728e591c8b1db52abc1741489909321713f9362",
            "content_sha256": "58056cbea67361fbf0999d0b0b67ce162ae1e06fa67206c751384a707f082b24",
            "content_sha512": "e7e191b56b0efef5e61bbdeb9c6f341417183b18ad2f2c9c541190b5e7a16c0c0c939aaabf61ba956a47f56046c193c777b6b7c06f05cde55df22796811f94c3",
            "directory_permission": "0777",
            "file_permission": "0777",
            "filename": "/home/projectluna/terraweek/terraform-variables/num/number-game-4.txt",
            "id": "0728e591c8b1db52abc1741489909321713f9362",
            "sensitive_content": null,
            "source": null
          },
          "sensitive_attributes": []
        },
        {
          "index_key": 4,
          "schema_version": 0,
          "attributes": {
            "content": "This is a number game 5",
            "content_base64": null,
            "content_base64sha256": "vy8IOgC+ssVr1Go2tXAkinOiqRCOgJImzYwHH0NKFYU=",
            "content_base64sha512": "7KmzwKosdlz1r8DBlaBP11aIumSSf1XreScS72IBMAtydohv08ovVsD8809DJQc6q4N5DmvARQlCB3qAVMukbw==",
            "content_md5": "ae3775fcdfe5d20fb2c892c885324b51",
            "content_sha1": "db0e06875799cac615ddba1df5fbaa337c2f2364",
            "content_sha256": "bf2f083a00beb2c56bd46a36b570248a73a2a9108e809226cd8c071f434a1585",
            "content_sha512": "eca9b3c0aa2c765cf5afc0c195a04fd75688ba64927f55eb792712ef6201300b7276886fd3ca2f56c0fcf34f4325073aab83790e6bc0450942077a8054cba46f",
            "directory_permission": "0777",
            "file_permission": "0777",
            "filename": "/home/projectluna/terraweek/terraform-variables/num/number-game-5.txt",
            "id": "db0e06875799cac615ddba1df5fbaa337c2f2364",
            "sensitive_content": null,
            "source": null
          },
          "sensitive_attributes": []
        },
        {
          "index_key": 5,
          "schema_version": 0,
          "attributes": {
            "content": "This is a number game 6",
            "content_base64": null,
            "content_base64sha256": "JBbK6jRY9n54oVGm96YiTjMHj/g9QYecpZ1wUDNW35U=",
            "content_base64sha512": "gNYdclP8LEmSXchI3Tn39ExWG8cgBh63BohI8X+yLEabwVb4PFMncET45yMo1UTypZvbrLPD5ezSL54a+PCFCA==",
            "content_md5": "3f8a7754bf76060753d1ffe93f924e4d",
            "content_sha1": "f808dc50427ee7d2455eb73df2e5004a8e5d29be",
            "content_sha256": "2416caea3458f67e78a151a6f7a6224e33078ff83d41879ca59d70503356df95",
            "content_sha512": "80d61d7253fc2c49925dc848dd39f7f44c561bc720061eb7068848f17fb22c469bc156f83c53277044f8e72328d544f2a59bdbacb3c3e5ecd22f9e1af8f08508",
            "directory_permission": "0777",
            "file_permission": "0777",
            "filename": "/home/projectluna/terraweek/terraform-variables/num/number-game-6.txt",
            "id": "f808dc50427ee7d2455eb73df2e5004a8e5d29be",
            "sensitive_content": null,
            "source": null
          },
          "sensitive_attributes": []
        }
      ]
    }
  ],
  "check_results": null
}
