{
  "version": 4,
  "terraform_version": "1.5.7",
  "serial": 1,
  "lineage": "07da7568-6412-0a1f-c477-c466438311da",
  "outputs": {},
  "resources": [
    {
      "mode": "managed",
      "type": "local_file",
      "name": "first",
      "provider": "provider[\"registry.terraform.io/hashicorp/local\"]",
      "instances": [
        {
          "schema_version": 0,
          "attributes": {
            "content": "Hello, let's start learning about string variable!",
            "content_base64": null,
            "content_base64sha256": "PSgd0ev5ZFtuwe57AgBxPv1DHvuG5maiTbSrg+MGLrY=",
            "content_base64sha512": "rgk5TTkRa9bXc3QHebhKKT3gFoFhHWdlekQIVdImySEfrqVfWRmtAAPR7I6x8ydjCc0QnTu7wHBuio/lYZ8PXg==",
            "content_md5": "dd43fcbb30771b491675ccc9b44d8779",
            "content_sha1": "33850310851dc30d40134444591d9f0c15e7e9a8",
            "content_sha256": "3d281dd1ebf9645b6ec1ee7b0200713efd431efb86e666a24db4ab83e3062eb6",
            "content_sha512": "ae09394d39116bd6d773740779b84a293de01681611d67657a440855d226c9211faea55f5919ad0003d1ec8eb1f3276309cd109d3bbbc0706e8a8fe5619f0f5e",
            "directory_permission": "0777",
            "file_permission": "0777",
            "filename": "/home/projectluna/terraweek/terraform-variables/strg/demo1.txt",
            "id": "33850310851dc30d40134444591d9f0c15e7e9a8",
            "sensitive_content": null,
            "source": null
          },
          "sensitive_attributes": []
        }
      ]
    }
  ],
  "check_results": null
}
