{
  "version": 4,
  "terraform_version": "1.5.7",
  "serial": 3,
  "lineage": "5dd699da-c1e1-f56b-1ba6-2d8d76b50953",
  "outputs": {},
  "resources": [
    {
      "mode": "managed",
      "type": "local_file",
      "name": "fifth",
      "provider": "provider[\"registry.terraform.io/hashicorp/local\"]",
      "instances": [
        {
          "schema_version": 0,
          "attributes": {
            "content": "Go on solo trip",
            "content_base64": null,
            "content_base64sha256": "05KASWC4NSJWa/AqRtiz9yYmwkGraOGhE5VV5x11tAU=",
            "content_base64sha512": "v++lzNYNyz/T7DDwK304PQNPvtO+lJLKxpwPDxGpWTSQUSPSnloreUGIqefc4VlnSbyMFmaMJSbIgWbiGFfALw==",
            "content_md5": "fbc85baca7ffd0c3475c8e0be3edd048",
            "content_sha1": "537af47726e17366c8ba2d38297d5eb98766337d",
            "content_sha256": "d392804960b83522566bf02a46d8b3f72626c241ab68e1a1139555e71d75b405",
            "content_sha512": "bfefa5ccd60dcb3fd3ec30f02b7d383d034fbed3be9492cac69c0f0f11a95934905123d29e5a2b794188a9e7dce1596749bc8c16668c2526c88166e21857c02f",
            "directory_permission": "0777",
            "file_permission": "0777",
            "filename": "/home/projectluna/terraweek/terraform-variables/map-variable/true_wish.txt",
            "id": "537af47726e17366c8ba2d38297d5eb98766337d",
            "sensitive_content": null,
            "source": null
          },
          "sensitive_attributes": []
        }
      ]
    }
  ],
  "check_results": null
}
