{
  "version": 4,
  "terraform_version": "1.5.7",
  "serial": 1,
  "lineage": "003ea8b4-6459-626c-c03f-cd20bae80b23",
  "outputs": {},
  "resources": [
    {
      "mode": "managed",
      "type": "local_file",
      "name": "forth",
      "provider": "provider[\"registry.terraform.io/hashicorp/local\"]",
      "instances": [
        {
          "schema_version": 0,
          "attributes": {
            "content": "This is an disabled text file.",
            "content_base64": null,
            "content_base64sha256": "i8ghcM/Vra8RIh5VklwppPfGRSpBYS5Rqt1vrt0Jn0Q=",
            "content_base64sha512": "Hnvwd5yg6FicEaPc1zc9Ug8ctjGoibDazmxExR3d63X5SnPeSWFgjJ7VvrXVMr4TwgB3Q3WRfyEnrslukzUHnw==",
            "content_md5": "fbf5c8d9ed1c91ec7a5aa0dbdcdfda99",
            "content_sha1": "887499ba012c14bf9ee611a8ea5d84582a0ac44f",
            "content_sha256": "8bc82170cfd5adaf11221e55925c29a4f7c6452a41612e51aadd6faedd099f44",
            "content_sha512": "1e7bf0779ca0e8589c11a3dcd7373d520f1cb631a889b0dace6c44c51dddeb75f94a73de4961608c9ed5beb5d532be13c200774375917f2127aec96e9335079f",
            "directory_permission": "0777",
            "file_permission": "0777",
            "filename": "disabled.txt",
            "id": "887499ba012c14bf9ee611a8ea5d84582a0ac44f",
            "sensitive_content": null,
            "source": null
          },
          "sensitive_attributes": []
        }
      ]
    }
  ],
  "check_results": null
}
