{
  "version": 4,
  "terraform_version": "1.5.7",
  "serial": 4,
  "lineage": "003ea8b4-6459-626c-c03f-cd20bae80b23",
  "outputs": {},
  "resources": [
    {
      "mode": "managed",
      "type": "local_file",
      "name": "forth",
      "provider": "provider[\"registry.terraform.io/hashicorp/local\"]",
      "instances": [
        {
          "schema_version": 0,
          "attributes": {
            "content": "This is a disabled text file.",
            "content_base64": null,
            "content_base64sha256": "eguA7SpLQO/MuBCYFhYt/vXAHZ9raGryiLNnroxM+yM=",
            "content_base64sha512": "UPzx2q+P4WDVLKCjF+X8l9hxt24BaWtV/WBReJIcO73tK4biQW3JoZaLUva2DdTuHzNNzUJftEIUjEx0fQuhRQ==",
            "content_md5": "31a6f8d34fb50a9ab440328e622e0f5a",
            "content_sha1": "1e32f69370a3fcbae9cbd965b2be0b690a78938c",
            "content_sha256": "7a0b80ed2a4b40efccb8109816162dfef5c01d9f6b686af288b367ae8c4cfb23",
            "content_sha512": "50fcf1daaf8fe160d52ca0a317e5fc97d871b76e01696b55fd605178921c3bbded2b86e2416dc9a1968b52f6b60dd4ee1f334dcd425fb442148c4c747d0ba145",
            "directory_permission": "0777",
            "file_permission": "0777",
            "filename": "disabled.txt",
            "id": "1e32f69370a3fcbae9cbd965b2be0b690a78938c",
            "sensitive_content": null,
            "source": null
          },
          "sensitive_attributes": []
        }
      ]
    }
  ],
  "check_results": null
}
